
Microsoft Visual Studio Solution File, Format Version 12.00
# Visual Studio Version 17
VisualStudioVersion = 17.5.33627.172
MinimumVisualStudioVersion = 10.0.40219.1
Project("{FAE04EC0-301F-11D3-BF4B-00C04F79EFBC}") = "SplashCSharp", "SplashCSharp\SplashCSharp.csproj", "{9032ED8B-6997-4D7C-A9B3-23D45918D05A}"
EndProject
Global
	GlobalSection(SolutionConfigurationPlatforms) = preSolution
		Debug|Any CPU = Debug|Any CPU
		Release|Any CPU = Release|Any CPU
	EndGlobalSection
	GlobalSection(ProjectConfigurationPlatforms) = postSolution
		{9032ED8B-6997-4D7C-A9B3-23D45918D05A}.Debug|Any CPU.ActiveCfg = Debug|Any CPU
		{9032ED8B-6997-4D7C-A9B3-23D45918D05A}.Debug|Any CPU.Build.0 = Debug|Any CPU
		{9032ED8B-6997-4D7C-A9B3-23D45918D05A}.Release|Any CPU.ActiveCfg = Release|Any CPU
		{9032ED8B-6997-4D7C-A9B3-23D45918D05A}.Release|Any CPU.Build.0 = Release|Any CPU
	EndGlobalSection
	GlobalSection(SolutionProperties) = preSolution
		HideSolutionNode = FALSE
	EndGlobalSection
	GlobalSection(ExtensibilityGlobals) = postSolution
		SolutionGuid = {9293D372-29D5-43CA-99D8-D2A4AD143B89}
	EndGlobalSection
EndGlobal
